
Microsoft Visual Studio Solution File, Format Version 12.00
# Visual Studio Version 16
VisualStudioVersion = 16.0.31424.327
MinimumVisualStudioVersion = 10.0.40219.1
Project("{FAE04EC0-301F-11D3-BF4B-00C04F79EFBC}") = "PruebaIff", "PruebaIff\PruebaIff.csproj", "{01151D96-6722-4F8C-BB30-9EB61F79D15C}"
EndProject
Global
	GlobalSection(SolutionConfigurationPlatforms) = preSolution
		Debug|Any CPU = Debug|Any CPU
		Release|Any CPU = Release|Any CPU
	EndGlobalSection
	GlobalSection(ProjectConfigurationPlatforms) = postSolution
		{01151D96-6722-4F8C-BB30-9EB61F79D15C}.Debug|Any CPU.ActiveCfg = Debug|Any CPU
		{01151D96-6722-4F8C-BB30-9EB61F79D15C}.Debug|Any CPU.Build.0 = Debug|Any CPU
		{01151D96-6722-4F8C-BB30-9EB61F79D15C}.Release|Any CPU.ActiveCfg = Release|Any CPU
		{01151D96-6722-4F8C-BB30-9EB61F79D15C}.Release|Any CPU.Build.0 = Release|Any CPU
	EndGlobalSection
	GlobalSection(SolutionProperties) = preSolution
		HideSolutionNode = FALSE
	EndGlobalSection
	GlobalSection(ExtensibilityGlobals) = postSolution
		SolutionGuid = {E6B3D303-2BBC-4161-9C93-2CCAD1227F16}
	EndGlobalSection
EndGlobal
